Microsoft Visual Studio Solution File, Format Version 12.00
# Visual Studio Version 17
VisualStudioVersion = 17.0.31903.59
MinimumVisualStudioVersion = 10.0.40219.1
Project("{FAE04EC0-301F-11D3-BF4B-00C04F79EFBC}") = "PackageCliTool", "PackageCliTool\PackageCliTool.csproj", "{9A19103F-16F7-4668-BE54-9A1E7A4F7556}"
EndProject
Project("{FAE04EC0-301F-11D3-BF4B-00C04F79EFBC}") = "PSW.Shared", "PSW.Shared\PSW.Shared.csproj", "{8F80C329-4614-052A-5325-7261B11303AB}"
EndProject
Project("{FAE04EC0-301F-11D3-BF4B-00C04F79EFBC}") = "PackageCliTool.Tests", "PackageCliTool.Tests\PackageCliTool.Tests.csproj", "{2C8A5E9D-7F3B-4E92-A1D5-6F9C8B4D3E7A}"
EndProject
Global
	GlobalSection(SolutionConfigurationPlatforms) = preSolution
		Debug|Any CPU = Debug|Any CPU
		Release|Any CPU = Release|Any CPU
	EndGlobalSection
	GlobalSection(ProjectConfigurationPlatforms) = postSolution
		{9A19103F-16F7-4668-BE54-9A1E7A4F7556}.Debug|Any CPU.ActiveCfg = Debug|Any CPU
		{9A19103F-16F7-4668-BE54-9A1E7A4F7556}.Debug|Any CPU.Build.0 = Debug|Any CPU
		{9A19103F-16F7-4668-BE54-9A1E7A4F7556}.Release|Any CPU.ActiveCfg = Release|Any CPU
		{9A19103F-16F7-4668-BE54-9A1E7A4F7556}.Release|Any CPU.Build.0 = Release|Any CPU
		{8F80C329-4614-052A-5325-7261B11303AB}.Debug|Any CPU.ActiveCfg = Debug|Any CPU
		{8F80C329-4614-052A-5325-7261B11303AB}.Debug|Any CPU.Build.0 = Debug|Any CPU
		{8F80C329-4614-052A-5325-7261B11303AB}.Release|Any CPU.ActiveCfg = Release|Any CPU
		{8F80C329-4614-052A-5325-7261B11303AB}.Release|Any CPU.Build.0 = Release|Any CPU
		{2C8A5E9D-7F3B-4E92-A1D5-6F9C8B4D3E7A}.Debug|Any CPU.ActiveCfg = Debug|Any CPU
		{2C8A5E9D-7F3B-4E92-A1D5-6F9C8B4D3E7A}.Debug|Any CPU.Build.0 = Debug|Any CPU
		{2C8A5E9D-7F3B-4E92-A1D5-6F9C8B4D3E7A}.Release|Any CPU.ActiveCfg = Release|Any CPU
		{2C8A5E9D-7F3B-4E92-A1D5-6F9C8B4D3E7A}.Release|Any CPU.Build.0 = Release|Any CPU
	EndGlobalSection
	GlobalSection(SolutionProperties) = preSolution
		HideSolutionNode = FALSE
	EndGlobalSection
	GlobalSection(ExtensibilityGlobals) = postSolution
		SolutionGuid = {4E0DFCE8-A3EB-4205-83BF-9309DE113C35}
	EndGlobalSection
EndGlobal
